<?xml version="1.0" encoding="UTF-8" standalone="yes" ?>
<CodeBlocks_project_file>
	<FileVersion major="1" minor="6" />
	<Project>
		<Option title="Sfml" />
		<Option pch_mode="2" />
		<Option compiler="gcc" />
		<Build>
			<Target title="Debug">
				<Option output="bin/Debug/Sfml" prefix_auto="1" extension_auto="1" />
				<Option object_output="obj/Debug/" />
				<Option type="1" />
				<Option compiler="gcc" />
				<Compiler>
					<Add option="-g" />
				</Compiler>
				<Linker>
					<Add library="sfml-graphics-d" />
					<Add library="sfml-window-d" />
					<Add library="sfml-system-d" />
				</Linker>
			</Target>
			<Target title="Release">
				<Option output="bin/Release/Sfml" prefix_auto="1" extension_auto="1" />
				<Option object_output="obj/Release/" />
				<Option type="1" />
				<Option compiler="gcc" />
				<Compiler>
					<Add option="-O2" />
				</Compiler>
				<Linker>
					<Add option="-s" />
					<Add library="sfml-graphics" />
					<Add library="sfml-window" />
					<Add library="sfml-system" />
				</Linker>
			</Target>
		</Build>
		<Compiler>
			<Add option="-Wall" />
			<Add option="-std=c++11" />
			<Add directory="E:/personal/docs/libs/SFML/include" />
			<Add directory="E:/personal/docs/proj/Entity" />
		</Compiler>
		<Linker>
			<Add directory="E:/personal/docs/libs/SFML/lib" />
		</Linker>
		<Unit filename="libs/Debug.h" />
		<Unit filename="libs/Enemy.h" />
		<Unit filename="libs/Entity.h" />
		<Unit filename="libs/Player.h" />
		<Unit filename="libs/draw.h" />
		<Unit filename="libs/gameengine.h" />
		<Unit filename="libs/inventory.h" />
		<Unit filename="libs/map.h" />
		<Unit filename="libs/physics.h" />
		<Unit filename="libs/view.h" />
		<Unit filename="main.cpp" />
		<Extensions>
			<code_completion />
			<envvars />
			<debugger />
			<lib_finder disable_auto="1" />
		</Extensions>
	</Project>
</CodeBlocks_project_file>
